
Microsoft Visual Studio Solution File, Format Version 12.00
# Visual Studio Version 17
VisualStudioVersion = 17.3.32819.101
MinimumVisualStudioVersion = 10.0.40219.1
Project("{FAE04EC0-301F-11D3-BF4B-00C04F79EFBC}") = "TicTacToeGame", "TicTacToeGame\TicTacToeGame.csproj", "{EC402665-C51F-4B0E-909B-0F49E4556F58}"
EndProject
Global
	GlobalSection(SolutionConfigurationPlatforms) = preSolution
		Debug|Any CPU = Debug|Any CPU
		Release|Any CPU = Release|Any CPU
	EndGlobalSection
	GlobalSection(ProjectConfigurationPlatforms) = postSolution
		{EC402665-C51F-4B0E-909B-0F49E4556F58}.Debug|Any CPU.ActiveCfg = Debug|Any CPU
		{EC402665-C51F-4B0E-909B-0F49E4556F58}.Debug|Any CPU.Build.0 = Debug|Any CPU
		{EC402665-C51F-4B0E-909B-0F49E4556F58}.Release|Any CPU.ActiveCfg = Release|Any CPU
		{EC402665-C51F-4B0E-909B-0F49E4556F58}.Release|Any CPU.Build.0 = Release|Any CPU
	EndGlobalSection
	GlobalSection(SolutionProperties) = preSolution
		HideSolutionNode = FALSE
	EndGlobalSection
	GlobalSection(ExtensibilityGlobals) = postSolution
		SolutionGuid = {BF4AC16B-5955-4901-A2A0-DCCDB8AB4D30}
	EndGlobalSection
EndGlobal
